Microsoft Visual Studio Solution File, Format Version 12.00
# Visual Studio Version 16
VisualStudioVersion = 16.0.30128.74
MinimumVisualStudioVersion = 10.0.40219.1
Project("{FAE04EC0-301F-11D3-BF4B-00C04F79EFBC}") = "SpaceProgram", "SpaceProgram\SpaceProgram.csproj", "{10C72599-1BC7-4F1F-BCDA-881EAC0DD308}"
EndProject
Project("{2150E333-8FDC-42A3-9474-1A3956D46DE8}") = "Solution Items", "Solution Items", "{D2E3AE41-7560-41A4-B883-5AED9CC5B640}"
	ProjectSection(SolutionItems) = preProject
		.editorconfig = .editorconfig
	EndProjectSection
EndProject
Project("{9A19103F-16F7-4668-BE54-9A1E7A4F7556}") = "Cubit32", "Utils\Cubit32.csproj", "{ECD640E2-722F-4E26-B541-EC16A0BE4540}"
EndProject
Project("{FAE04EC0-301F-11D3-BF4B-00C04F79EFBC}") = "PrimesSieve", "PrimesSieve\PrimesSieve.csproj", "{5459216F-B9EA-4D89-A785-957C23F78B4B}"
EndProject
Project("{FAE04EC0-301F-11D3-BF4B-00C04F79EFBC}") = "RandomBigPrime", "RandomBigPrime\RandomBigPrime.csproj", "{5C526357-95C4-4E04-8A3B-E1B9202D9BDB}"
EndProject
Project("{FAE04EC0-301F-11D3-BF4B-00C04F79EFBC}") = "SnakeGame", "SnakeGame\SnakeGame.csproj", "{02D716F3-E93D-4923-AA65-6ACC1FE14068}"
EndProject
Global
	GlobalSection(SolutionConfigurationPlatforms) = preSolution
		Debug|Any CPU = Debug|Any CPU
		Release|Any CPU = Release|Any CPU
	EndGlobalSection
	GlobalSection(ProjectConfigurationPlatforms) = postSolution
		{10C72599-1BC7-4F1F-BCDA-881EAC0DD308}.Debug|Any CPU.ActiveCfg = Debug|Any CPU
		{10C72599-1BC7-4F1F-BCDA-881EAC0DD308}.Debug|Any CPU.Build.0 = Debug|Any CPU
		{10C72599-1BC7-4F1F-BCDA-881EAC0DD308}.Release|Any CPU.ActiveCfg = Release|Any CPU
		{10C72599-1BC7-4F1F-BCDA-881EAC0DD308}.Release|Any CPU.Build.0 = Release|Any CPU
		{ECD640E2-722F-4E26-B541-EC16A0BE4540}.Debug|Any CPU.ActiveCfg = Debug|Any CPU
		{ECD640E2-722F-4E26-B541-EC16A0BE4540}.Debug|Any CPU.Build.0 = Debug|Any CPU
		{ECD640E2-722F-4E26-B541-EC16A0BE4540}.Release|Any CPU.ActiveCfg = Release|Any CPU
		{ECD640E2-722F-4E26-B541-EC16A0BE4540}.Release|Any CPU.Build.0 = Release|Any CPU
		{5459216F-B9EA-4D89-A785-957C23F78B4B}.Debug|Any CPU.ActiveCfg = Debug|Any CPU
		{5459216F-B9EA-4D89-A785-957C23F78B4B}.Debug|Any CPU.Build.0 = Debug|Any CPU
		{5459216F-B9EA-4D89-A785-957C23F78B4B}.Release|Any CPU.ActiveCfg = Release|Any CPU
		{5459216F-B9EA-4D89-A785-957C23F78B4B}.Release|Any CPU.Build.0 = Release|Any CPU
		{5C526357-95C4-4E04-8A3B-E1B9202D9BDB}.Debug|Any CPU.ActiveCfg = Debug|Any CPU
		{5C526357-95C4-4E04-8A3B-E1B9202D9BDB}.Debug|Any CPU.Build.0 = Debug|Any CPU
		{5C526357-95C4-4E04-8A3B-E1B9202D9BDB}.Release|Any CPU.ActiveCfg = Release|Any CPU
		{5C526357-95C4-4E04-8A3B-E1B9202D9BDB}.Release|Any CPU.Build.0 = Release|Any CPU
		{02D716F3-E93D-4923-AA65-6ACC1FE14068}.Debug|Any CPU.ActiveCfg = Debug|Any CPU
		{02D716F3-E93D-4923-AA65-6ACC1FE14068}.Debug|Any CPU.Build.0 = Debug|Any CPU
		{02D716F3-E93D-4923-AA65-6ACC1FE14068}.Release|Any CPU.ActiveCfg = Release|Any CPU
		{02D716F3-E93D-4923-AA65-6ACC1FE14068}.Release|Any CPU.Build.0 = Release|Any CPU
	EndGlobalSection
	GlobalSection(SolutionProperties) = preSolution
		HideSolutionNode = FALSE
	EndGlobalSection
	GlobalSection(ExtensibilityGlobals) = postSolution
		SolutionGuid = {6DAAE4E1-2B5C-4A07-B9DD-BB8A517C4E9D}
	EndGlobalSection
EndGlobal
